// !$*UTF8*$!
{
	archiveVersion = 1;
	classes = {
	};
	objectVersion = 50;
	objects = {

/* Begin PBXBuildFile section */
		01D2297221197DBD00DF5C4D /* AppDelegate.swift in Sources */ = {isa = PBXBuildFile; fileRef = 01D2297121197DBD00DF5C4D /* AppDelegate.swift */; };
		01D2297421197DBD00DF5C4D /* ViewController.swift in Sources */ = {isa = PBXBuildFile; fileRef = 01D2297321197DBD00DF5C4D /* ViewController.swift */; };
		01D2297721197DBD00DF5C4D /* Main.storyboard in Resources */ = {isa = PBXBuildFile; fileRef = 01D2297521197DBD00DF5C4D /* Main.storyboard */; };
		01D2297A21197DBD00DF5C4D /* ImagesFromFlickr.xcdatamodeld in Sources */ = {isa = PBXBuildFile; fileRef = 01D2297821197DBD00DF5C4D /* ImagesFromFlickr.xcdatamodeld */; };
		01D2297C21197DBE00DF5C4D /* Assets.xcassets in Resources */ = {isa = PBXBuildFile; fileRef = 01D2297B21197DBE00DF5C4D /* Assets.xcassets */; };
		01D2297F21197DBE00DF5C4D /* LaunchScreen.storyboard in Resources */ = {isa = PBXBuildFile; fileRef = 01D2297D21197DBE00DF5C4D /* LaunchScreen.storyboard */; };
		01D2298A21197DBE00DF5C4D /* ImagesFromFlickrTests.swift in Sources */ = {isa = PBXBuildFile; fileRef = 01D2298921197DBE00DF5C4D /* ImagesFromFlickrTests.swift */; };
		01D229992119809400DF5C4D /* ImageCollectionViewCell.swift in Sources */ = {isa = PBXBuildFile; fileRef = 01D229982119809400DF5C4D /* ImageCollectionViewCell.swift */; };
		01D2299C211980DC00DF5C4D /* Constants.swift in Sources */ = {isa = PBXBuildFile; fileRef = 01D2299B211980DC00DF5C4D /* Constants.swift */; };
		01D2299E2119852600DF5C4D /* FlickrPhotos.swift in Sources */ = {isa = PBXBuildFile; fileRef = 01D2299D2119852600DF5C4D /* FlickrPhotos.swift */; };
		01D229A12119878600DF5C4D /* Networking.swift in Sources */ = {isa = PBXBuildFile; fileRef = 01D229A02119878600DF5C4D /* Networking.swift */; };
		01D229A32119C5E300DF5C4D /* UtilityExtensions.swift in Sources */ = {isa = PBXBuildFile; fileRef = 01D229A22119C5E300DF5C4D /* UtilityExtensions.swift */; };
		01D229A52119CDE400DF5C4D /* ImageHandler.swift in Sources */ = {isa = PBXBuildFile; fileRef = 01D229A42119CDE400DF5C4D /* ImageHandler.swift */; };
/* End PBXBuildFile section */

/* Begin PBXContainerItemProxy section */
		01D2298621197DBE00DF5C4D /* PBXContainerItemProxy */ = {
			isa = PBXContainerItemProxy;
			containerPortal = 01D2296621197DBD00DF5C4D /* Project object */;
			proxyType = 1;
			remoteGlobalIDString = 01D2296D21197DBD00DF5C4D;
			remoteInfo = ImagesFromFlickr;
		};
/* End PBXContainerItemProxy section */

/* Begin PBXFileReference section */
		01D2296E21197DBD00DF5C4D /* ImagesFromFlickr.app */ = {isa = PBXFileReference; explicitFileType = wrapper.application; includeInIndex = 0; path = ImagesFromFlickr.app; sourceTree = BUILT_PRODUCTS_DIR; };
		01D2297121197DBD00DF5C4D /* AppDelegate.swift */ = {isa = PBXFileReference; lastKnownFileType = sourcecode.swift; path = AppDelegate.swift; sourceTree = "<group>"; };
		01D2297321197DBD00DF5C4D /* ViewController.swift */ = {isa = PBXFileReference; lastKnownFileType = sourcecode.swift; path = ViewController.swift; sourceTree = "<group>"; };
		01D2297621197DBD00DF5C4D /* Base */ = {isa = PBXFileReference; lastKnownFileType = file.storyboard; name = Base; path = Base.lproj/Main.storyboard; sourceTree = "<group>"; };
		01D2297921197DBD00DF5C4D /* ImagesFromFlickr.xcdatamodel */ = {isa = PBXFileReference; lastKnownFileType = wrapper.xcdatamodel; path = ImagesFromFlickr.xcdatamodel; sourceTree = "<group>"; };
		01D2297B21197DBE00DF5C4D /* Assets.xcassets */ = {isa = PBXFileReference; lastKnownFileType = folder.assetcatalog; path = Assets.xcassets; sourceTree = "<group>"; };
		01D2297E21197DBE00DF5C4D /* Base */ = {isa = PBXFileReference; lastKnownFileType = file.storyboard; name = Base; path = Base.lproj/LaunchScreen.storyboard; sourceTree = "<group>"; };
		01D2298021197DBE00DF5C4D /* Info.plist */ = {isa = PBXFileReference; lastKnownFileType = text.plist.xml; path = Info.plist; sourceTree = "<group>"; };
		01D2298521197DBE00DF5C4D /* ImagesFromFlickrTests.xctest */ = {isa = PBXFileReference; explicitFileType = wrapper.cfbundle; includeInIndex = 0; path = ImagesFromFlickrTests.xctest; sourceTree = BUILT_PRODUCTS_DIR; };
		01D2298921197DBE00DF5C4D /* ImagesFromFlickrTests.swift */ = {isa = PBXFileReference; lastKnownFileType = sourcecode.swift; path = ImagesFromFlickrTests.swift; sourceTree = "<group>"; };
		01D2298B21197DBE00DF5C4D /* Info.plist */ = {isa = PBXFileReference; lastKnownFileType = text.plist.xml; path = Info.plist; sourceTree = "<group>"; };
		01D229982119809400DF5C4D /* ImageCollectionViewCell.swift */ = {isa = PBXFileReference; lastKnownFileType = sourcecode.swift; path = ImageCollectionViewCell.swift; sourceTree = "<group>"; };
		01D2299B211980DC00DF5C4D /* Constants.swift */ = {isa = PBXFileReference; lastKnownFileType = sourcecode.swift; path = Constants.swift; sourceTree = "<group>"; };
		01D2299D2119852600DF5C4D /* FlickrPhotos.swift */ = {isa = PBXFileReference; lastKnownFileType = sourcecode.swift; path = FlickrPhotos.swift; sourceTree = "<group>"; };
		01D229A02119878600DF5C4D /* Networking.swift */ = {isa = PBXFileReference; lastKnownFileType = sourcecode.swift; path = Networking.swift; sourceTree = "<group>"; };
		01D229A22119C5E300DF5C4D /* UtilityExtensions.swift */ = {isa = PBXFileReference; lastKnownFileType = sourcecode.swift; path = UtilityExtensions.swift; sourceTree = "<group>"; };
		01D229A42119CDE400DF5C4D /* ImageHandler.swift */ = {isa = PBXFileReference; lastKnownFileType = sourcecode.swift; path = ImageHandler.swift; sourceTree = "<group>"; };
/* End PBXFileReference section */

/* Begin PBXFrameworksBuildPhase section */
		01D2296B21197DBD00DF5C4D /* Frameworks */ = {
			isa = PBXFrameworksBuildPhase;
			buildActionMask = 2147483647;
			files = (
			);
			runOnlyForDeploymentPostprocessing = 0;
		};
		01D2298221197DBE00DF5C4D /* Frameworks */ = {
			isa = PBXFrameworksBuildPhase;
			buildActionMask = 2147483647;
			files = (
			);
			runOnlyForDeploymentPostprocessing = 0;
		};
/* End PBXFrameworksBuildPhase section */

/* Begin PBXGroup section */
		01D2296521197DBD00DF5C4D = {
			isa = PBXGroup;
			children = (
				01D2297021197DBD00DF5C4D /* ImagesFromFlickr */,
				01D2298821197DBE00DF5C4D /* ImagesFromFlickrTests */,
				01D2296F21197DBD00DF5C4D /* Products */,
			);
			sourceTree = "<group>";
		};
		01D2296F21197DBD00DF5C4D /* Products */ = {
			isa = PBXGroup;
			children = (
				01D2296E21197DBD00DF5C4D /* ImagesFromFlickr.app */,
				01D2298521197DBE00DF5C4D /* ImagesFromFlickrTests.xctest */,
			);
			name = Products;
			sourceTree = "<group>";
		};
		01D2297021197DBD00DF5C4D /* ImagesFromFlickr */ = {
			isa = PBXGroup;
			children = (
				01D2299F2119876300DF5C4D /* Network */,
				01D2299A211980C200DF5C4D /* Utilities */,
				01D229972119806E00DF5C4D /* Controller */,
				01D229962119806600DF5C4D /* View */,
				01D229942119805300DF5C4D /* Model */,
				01D2297121197DBD00DF5C4D /* AppDelegate.swift */,
				01D2297521197DBD00DF5C4D /* Main.storyboard */,
				01D2297B21197DBE00DF5C4D /* Assets.xcassets */,
				01D2297D21197DBE00DF5C4D /* LaunchScreen.storyboard */,
				01D2298021197DBE00DF5C4D /* Info.plist */,
				01D2297821197DBD00DF5C4D /* ImagesFromFlickr.xcdatamodeld */,
			);
			path = ImagesFromFlickr;
			sourceTree = "<group>";
		};
		01D2298821197DBE00DF5C4D /* ImagesFromFlickrTests */ = {
			isa = PBXGroup;
			children = (
				01D2298921197DBE00DF5C4D /* ImagesFromFlickrTests.swift */,
				01D2298B21197DBE00DF5C4D /* Info.plist */,
			);
			path = ImagesFromFlickrTests;
			sourceTree = "<group>";
		};
		01D229942119805300DF5C4D /* Model */ = {
			isa = PBXGroup;
			children = (
				01D2299D2119852600DF5C4D /* FlickrPhotos.swift */,
			);
			path = Model;
			sourceTree = "<group>";
		};
		01D229962119806600DF5C4D /* View */ = {
			isa = PBXGroup;
			children = (
				01D229982119809400DF5C4D /* ImageCollectionViewCell.swift */,
			);
			path = View;
			sourceTree = "<group>";
		};
		01D229972119806E00DF5C4D /* Controller */ = {
			isa = PBXGroup;
			children = (
				01D2297321197DBD00DF5C4D /* ViewController.swift */,
			);
			path = Controller;
			sourceTree = "<group>";
		};
		01D2299A211980C200DF5C4D /* Utilities */ = {
			isa = PBXGroup;
			children = (
				01D2299B211980DC00DF5C4D /* Constants.swift */,
				01D229A22119C5E300DF5C4D /* UtilityExtensions.swift */,
				01D229A42119CDE400DF5C4D /* ImageHandler.swift */,
			);
			path = Utilities;
			sourceTree = "<group>";
		};
		01D2299F2119876300DF5C4D /* Network */ = {
			isa = PBXGroup;
			children = (
				01D229A02119878600DF5C4D /* Networking.swift */,
			);
			path = Network;
			sourceTree = "<group>";
		};
/* End PBXGroup section */

/* Begin PBXNativeTarget section */
		01D2296D21197DBD00DF5C4D /* ImagesFromFlickr */ = {
			isa = PBXNativeTarget;
			buildConfigurationList = 01D2298E21197DBE00DF5C4D /* Build configuration list for PBXNativeTarget "ImagesFromFlickr" */;
			buildPhases = (
				01D2296A21197DBD00DF5C4D /* Sources */,
				01D2296B21197DBD00DF5C4D /* Frameworks */,
				01D2296C21197DBD00DF5C4D /* Resources */,
			);
			buildRules = (
			);
			dependencies = (
			);
			name = ImagesFromFlickr;
			productName = ImagesFromFlickr;
			productReference = 01D2296E21197DBD00DF5C4D /* ImagesFromFlickr.app */;
			productType = "com.apple.product-type.application";
		};
		01D2298421197DBE00DF5C4D /* ImagesFromFlickrTests */ = {
			isa = PBXNativeTarget;
			buildConfigurationList = 01D2299121197DBE00DF5C4D /* Build configuration list for PBXNativeTarget "ImagesFromFlickrTests" */;
			buildPhases = (
				01D2298121197DBE00DF5C4D /* Sources */,
				01D2298221197DBE00DF5C4D /* Frameworks */,
				01D2298321197DBE00DF5C4D /* Resources */,
			);
			buildRules = (
			);
			dependencies = (
				01D2298721197DBE00DF5C4D /* PBXTargetDependency */,
			);
			name = ImagesFromFlickrTests;
			productName = ImagesFromFlickrTests;
			productReference = 01D2298521197DBE00DF5C4D /* ImagesFromFlickrTests.xctest */;
			productType = "com.apple.product-type.bundle.unit-test";
		};
/* End PBXNativeTarget section */

/* Begin PBXProject section */
		01D2296621197DBD00DF5C4D /* Project object */ = {
			isa = PBXProject;
			attributes = {
				LastSwiftUpdateCheck = 0940;
				LastUpgradeCheck = 0940;
				ORGANIZATIONNAME = "Anita Agrawal";
				TargetAttributes = {
					01D2296D21197DBD00DF5C4D = {
						CreatedOnToolsVersion = 9.4.1;
					};
					01D2298421197DBE00DF5C4D = {
						CreatedOnToolsVersion = 9.4.1;
						TestTargetID = 01D2296D21197DBD00DF5C4D;
					};
				};
			};
			buildConfigurationList = 01D2296921197DBD00DF5C4D /* Build configuration list for PBXProject "ImagesFromFlickr" */;
			compatibilityVersion = "Xcode 9.3";
			developmentRegion = en;
			hasScannedForEncodings = 0;
			knownRegions = (
				en,
				Base,
			);
			mainGroup = 01D2296521197DBD00DF5C4D;
			productRefGroup = 01D2296F21197DBD00DF5C4D /* Products */;
			projectDirPath = "";
			projectRoot = "";
			targets = (
				01D2296D21197DBD00DF5C4D /* ImagesFromFlickr */,
				01D2298421197DBE00DF5C4D /* ImagesFromFlickrTests */,
			);
		};
/* End PBXProject section */

/* Begin PBXResourcesBuildPhase section */
		01D2296C21197DBD00DF5C4D /* Resources */ = {
			isa = PBXResourcesBuildPhase;
			buildActionMask = 2147483647;
			files = (
				01D2297F21197DBE00DF5C4D /* LaunchScreen.storyboard in Resources */,
				01D2297C21197DBE00DF5C4D /* Assets.xcassets in Resources */,
				01D2297721197DBD00DF5C4D /* Main.storyboard in Resources */,
			);
			runOnlyForDeploymentPostprocessing = 0;
		};
		01D2298321197DBE00DF5C4D /* Resources */ = {
			isa = PBXResourcesBuildPhase;
			buildActionMask = 2147483647;
			files = (
			);
			runOnlyForDeploymentPostprocessing = 0;
		};
/* End PBXResourcesBuildPhase section */

/* Begin PBXSourcesBuildPhase section */
		01D2296A21197DBD00DF5C4D /* Sources */ = {
			isa = PBXSourcesBuildPhase;
			buildActionMask = 2147483647;
			files = (
				01D2297421197DBD00DF5C4D /* ViewController.swift in Sources */,
				01D2297221197DBD00DF5C4D /* AppDelegate.swift in Sources */,
				01D229992119809400DF5C4D /* ImageCollectionViewCell.swift in Sources */,
				01D2299C211980DC00DF5C4D /* Constants.swift in Sources */,
				01D2297A21197DBD00DF5C4D /* ImagesFromFlickr.xcdatamodeld in Sources */,
				01D2299E2119852600DF5C4D /* FlickrPhotos.swift in Sources */,
				01D229A32119C5E300DF5C4D /* UtilityExtensions.swift in Sources */,
				01D229A52119CDE400DF5C4D /* ImageHandler.swift in Sources */,
				01D229A12119878600DF5C4D /* Networking.swift in Sources */,
			);
			runOnlyForDeploymentPostprocessing = 0;
		};
		01D2298121197DBE00DF5C4D /* Sources */ = {
			isa = PBXSourcesBuildPhase;
			buildActionMask = 2147483647;
			files = (
				01D2298A21197DBE00DF5C4D /* ImagesFromFlickrTests.swift in Sources */,
			);
			runOnlyForDeploymentPostprocessing = 0;
		};
/* End PBXSourcesBuildPhase section */

/* Begin PBXTargetDependency section */
		01D2298721197DBE00DF5C4D /* PBXTargetDependency */ = {
			isa = PBXTargetDependency;
			target = 01D2296D21197DBD00DF5C4D /* ImagesFromFlickr */;
			targetProxy = 01D2298621197DBE00DF5C4D /* PBXContainerItemProxy */;
		};
/* End PBXTargetDependency section */

/* Begin PBXVariantGroup section */
		01D2297521197DBD00DF5C4D /* Main.storyboard */ = {
			isa = PBXVariantGroup;
			children = (
				01D2297621197DBD00DF5C4D /* Base */,
			);
			name = Main.storyboard;
			sourceTree = "<group>";
		};
		01D2297D21197DBE00DF5C4D /* LaunchScreen.storyboard */ = {
			isa = PBXVariantGroup;
			children = (
				01D2297E21197DBE00DF5C4D /* Base */,
			);
			name = LaunchScreen.storyboard;
			sourceTree = "<group>";
		};
/* End PBXVariantGroup section */

/* Begin XCBuildConfiguration section */
		01D2298C21197DBE00DF5C4D /* Debug */ = {
			isa = XCBuildConfiguration;
			buildSettings = {
				ALWAYS_SEARCH_USER_PATHS = NO;
				CLANG_ANALYZER_NONNULL = YES;
				CLANG_ANALYZER_NUMBER_OBJECT_CONVERSION = YES_AGGRESSIVE;
				CLANG_CXX_LANGUAGE_STANDARD = "gnu++14";
				CLANG_CXX_LIBRARY = "libc++";
				CLANG_ENABLE_MODULES = YES;
				CLANG_ENABLE_OBJC_ARC = YES;
				CLANG_ENABLE_OBJC_WEAK = YES;
				CLANG_WARN_BLOCK_CAPTURE_AUTORELEASING = YES;
				CLANG_WARN_BOOL_CONVERSION = YES;
				CLANG_WARN_COMMA = YES;
				CLANG_WARN_CONSTANT_CONVERSION = YES;
				CLANG_WARN_DEPRECATED_OBJC_IMPLEMENTATIONS = YES;
				CLANG_WARN_DIRECT_OBJC_ISA_USAGE = YES_ERROR;
				CLANG_WARN_DOCUMENTATION_COMMENTS = YES;
				CLANG_WARN_EMPTY_BODY = YES;
				CLANG_WARN_ENUM_CONVERSION = YES;
				CLANG_WARN_INFINITE_RECURSION = YES;
				CLANG_WARN_INT_CONVERSION = YES;
				CLANG_WARN_NON_LITERAL_NULL_CONVERSION = YES;
				CLANG_WARN_OBJC_IMPLICIT_RETAIN_SELF = YES;
				CLANG_WARN_OBJC_LITERAL_CONVERSION = YES;
				CLANG_WARN_OBJC_ROOT_CLASS = YES_ERROR;
				CLANG_WARN_RANGE_LOOP_ANALYSIS = YES;
				CLANG_WARN_STRICT_PROTOTYPES = YES;
				CLANG_WARN_SUSPICIOUS_MOVE = YES;
				CLANG_WARN_UNGUARDED_AVAILABILITY = YES_AGGRESSIVE;
				CLANG_WARN_UNREACHABLE_CODE = YES;
				CLANG_WARN__DUPLICATE_METHOD_MATCH = YES;
				CODE_SIGN_IDENTITY = "iPhone Developer";
				COPY_PHASE_STRIP = NO;
				DEBUG_INFORMATION_FORMAT = dwarf;
				ENABLE_STRICT_OBJC_MSGSEND = YES;
				ENABLE_TESTABILITY = YES;
				GCC_C_LANGUAGE_STANDARD = gnu11;
				GCC_DYNAMIC_NO_PIC = NO;
				GCC_NO_COMMON_BLOCKS = YES;
				GCC_OPTIMIZATION_LEVEL = 0;
				GCC_PREPROCESSOR_DEFINITIONS = (
					"DEBUG=1",
					"$(inherited)",
				);
				GCC_WARN_64_TO_32_BIT_CONVERSION = YES;
				GCC_WARN_ABOUT_RETURN_TYPE = YES_ERROR;
				GCC_WARN_UNDECLARED_SELECTOR = YES;
				GCC_WARN_UNINITIALIZED_AUTOS = YES_AGGRESSIVE;
				GCC_WARN_UNUSED_FUNCTION = YES;
				GCC_WARN_UNUSED_VARIABLE = YES;
				IPHONEOS_DEPLOYMENT_TARGET = 11.4;
				MTL_ENABLE_DEBUG_INFO = YES;
				ONLY_ACTIVE_ARCH = YES;
				SDKROOT = iphoneos;
				SWIFT_ACTIVE_COMPILATION_CONDITIONS = DEBUG;
				SWIFT_OPTIMIZATION_LEVEL = "-Onone";
			};
			name = Debug;
		};
		01D2298D21197DBE00DF5C4D /* Release */ = {
			isa = XCBuildConfiguration;
			buildSettings = {
				ALWAYS_SEARCH_USER_PATHS = NO;
				CLANG_ANALYZER_NONNULL = YES;
				CLANG_ANALYZER_NUMBER_OBJECT_CONVERSION = YES_AGGRESSIVE;
				CLANG_CXX_LANGUAGE_STANDARD = "gnu++14";
				CLANG_CXX_LIBRARY = "libc++";
				CLANG_ENABLE_MODULES = YES;
				CLANG_ENABLE_OBJC_ARC = YES;
				CLANG_ENABLE_OBJC_WEAK = YES;
				CLANG_WARN_BLOCK_CAPTURE_AUTORELEASING = YES;
				CLANG_WARN_BOOL_CONVERSION = YES;
				CLANG_WARN_COMMA = YES;
				CLANG_WARN_CONSTANT_CONVERSION = YES;
				CLANG_WARN_DEPRECATED_OBJC_IMPLEMENTATIONS = YES;
				CLANG_WARN_DIRECT_OBJC_ISA_USAGE = YES_ERROR;
				CLANG_WARN_DOCUMENTATION_COMMENTS = YES;
				CLANG_WARN_EMPTY_BODY = YES;
				CLANG_WARN_ENUM_CONVERSION = YES;
				CLANG_WARN_INFINITE_RECURSION = YES;
				CLANG_WARN_INT_CONVERSION = YES;
				CLANG_WARN_NON_LITERAL_NULL_CONVERSION = YES;
				CLANG_WARN_OBJC_IMPLICIT_RETAIN_SELF = YES;
				CLANG_WARN_OBJC_LITERAL_CONVERSION = YES;
				CLANG_WARN_OBJC_ROOT_CLASS = YES_ERROR;
				CLANG_WARN_RANGE_LOOP_ANALYSIS = YES;
				CLANG_WARN_STRICT_PROTOTYPES = YES;
				CLANG_WARN_SUSPICIOUS_MOVE = YES;
				CLANG_WARN_UNGUARDED_AVAILABILITY = YES_AGGRESSIVE;
				CLANG_WARN_UNREACHABLE_CODE = YES;
				CLANG_WARN__DUPLICATE_METHOD_MATCH = YES;
				CODE_SIGN_IDENTITY = "iPhone Developer";
				COPY_PHASE_STRIP = NO;
				DEBUG_INFORMATION_FORMAT = "dwarf-with-dsym";
				ENABLE_NS_ASSERTIONS = NO;
				ENABLE_STRICT_OBJC_MSGSEND = YES;
				GCC_C_LANGUAGE_STANDARD = gnu11;
				GCC_NO_COMMON_BLOCKS = YES;
				GCC_WARN_64_TO_32_BIT_CONVERSION = YES;
				GCC_WARN_ABOUT_RETURN_TYPE = YES_ERROR;
				GCC_WARN_UNDECLARED_SELECTOR = YES;
				GCC_WARN_UNINITIALIZED_AUTOS = YES_AGGRESSIVE;
				GCC_WARN_UNUSED_FUNCTION = YES;
				GCC_WARN_UNUSED_VARIABLE = YES;
				IPHONEOS_DEPLOYMENT_TARGET = 11.4;
				MTL_ENABLE_DEBUG_INFO = NO;
				SDKROOT = iphoneos;
				SWIFT_COMPILATION_MODE = wholemodule;
				SWIFT_OPTIMIZATION_LEVEL = "-O";
				VALIDATE_PRODUCT = YES;
			};
			name = Release;
		};
		01D2298F21197DBE00DF5C4D /* Debug */ = {
			isa = XCBuildConfiguration;
			buildSettings = {
				ASSETCATALOG_COMPILER_APPICON_NAME = AppIcon;
				CODE_SIGN_STYLE = Automatic;
				DEVELOPMENT_TEAM = 25AS4BUNSX;
				INFOPLIST_FILE = ImagesFromFlickr/Info.plist;
				LD_RUNPATH_SEARCH_PATHS = (
					"$(inherited)",
					"@executable_path/Frameworks",
				);
				PRODUCT_BUNDLE_IDENTIFIER = com.AnitaAgrawal.ImagesFromFlickr;
				PRODUCT_NAME = "$(TARGET_NAME)";
				SWIFT_VERSION = 4.0;
				TARGETED_DEVICE_FAMILY = "1,2";
			};
			name = Debug;
		};
		01D2299021197DBE00DF5C4D /* Release */ = {
			isa = XCBuildConfiguration;
			buildSettings = {
				ASSETCATALOG_COMPILER_APPICON_NAME = AppIcon;
				CODE_SIGN_STYLE = Automatic;
				DEVELOPMENT_TEAM = 25AS4BUNSX;
				INFOPLIST_FILE = ImagesFromFlickr/Info.plist;
				LD_RUNPATH_SEARCH_PATHS = (
					"$(inherited)",
					"@executable_path/Frameworks",
				);
				PRODUCT_BUNDLE_IDENTIFIER = com.AnitaAgrawal.ImagesFromFlickr;
				PRODUCT_NAME = "$(TARGET_NAME)";
				SWIFT_VERSION = 4.0;
				TARGETED_DEVICE_FAMILY = "1,2";
			};
			name = Release;
		};
		01D2299221197DBE00DF5C4D /* Debug */ = {
			isa = XCBuildConfiguration;
			buildSettings = {
				ALWAYS_EMBED_SWIFT_STANDARD_LIBRARIES = YES;
				BUNDLE_LOADER = "$(TEST_HOST)";
				CODE_SIGN_STYLE = Automatic;
				DEVELOPMENT_TEAM = 25AS4BUNSX;
				INFOPLIST_FILE = ImagesFromFlickrTests/Info.plist;
				LD_RUNPATH_SEARCH_PATHS = (
					"$(inherited)",
					"@executable_path/Frameworks",
					"@loader_path/Frameworks",
				);
				PRODUCT_BUNDLE_IDENTIFIER = com.AnitaAgrawal.ImagesFromFlickrTests;
				PRODUCT_NAME = "$(TARGET_NAME)";
				SWIFT_VERSION = 4.0;
				TARGETED_DEVICE_FAMILY = "1,2";
				TEST_HOST = "$(BUILT_PRODUCTS_DIR)/ImagesFromFlickr.app/ImagesFromFlickr";
			};
			name = Debug;
		};
		01D2299321197DBE00DF5C4D /* Release */ = {
			isa = XCBuildConfiguration;
			buildSettings = {
				ALWAYS_EMBED_SWIFT_STANDARD_LIBRARIES = YES;
				BUNDLE_LOADER = "$(TEST_HOST)";
				CODE_SIGN_STYLE = Automatic;
				DEVELOPMENT_TEAM = 25AS4BUNSX;
				INFOPLIST_FILE = ImagesFromFlickrTests/Info.plist;
				LD_RUNPATH_SEARCH_PATHS = (
					"$(inherited)",
					"@executable_path/Frameworks",
					"@loader_path/Frameworks",
				);
				PRODUCT_BUNDLE_IDENTIFIER = com.AnitaAgrawal.ImagesFromFlickrTests;
				PRODUCT_NAME = "$(TARGET_NAME)";
				SWIFT_VERSION = 4.0;
				TARGETED_DEVICE_FAMILY = "1,2";
				TEST_HOST = "$(BUILT_PRODUCTS_DIR)/ImagesFromFlickr.app/ImagesFromFlickr";
			};
			name = Release;
		};
/* End XCBuildConfiguration section */

/* Begin XCConfigurationList section */
		01D2296921197DBD00DF5C4D /* Build configuration list for PBXProject "ImagesFromFlickr" */ = {
			isa = XCConfigurationList;
			buildConfigurations = (
				01D2298C21197DBE00DF5C4D /* Debug */,
				01D2298D21197DBE00DF5C4D /* Release */,
			);
			defaultConfigurationIsVisible = 0;
			defaultConfigurationName = Release;
		};
		01D2298E21197DBE00DF5C4D /* Build configuration list for PBXNativeTarget "ImagesFromFlickr" */ = {
			isa = XCConfigurationList;
			buildConfigurations = (
				01D2298F21197DBE00DF5C4D /* Debug */,
				01D2299021197DBE00DF5C4D /* Release */,
			);
			defaultConfigurationIsVisible = 0;
			defaultConfigurationName = Release;
		};
		01D2299121197DBE00DF5C4D /* Build configuration list for PBXNativeTarget "ImagesFromFlickrTests" */ = {
			isa = XCConfigurationList;
			buildConfigurations = (
				01D2299221197DBE00DF5C4D /* Debug */,
				01D2299321197DBE00DF5C4D /* Release */,
			);
			defaultConfigurationIsVisible = 0;
			defaultConfigurationName = Release;
		};
/* End XCConfigurationList section */

/* Begin XCVersionGroup section */
		01D2297821197DBD00DF5C4D /* ImagesFromFlickr.xcdatamodeld */ = {
			isa = XCVersionGroup;
			children = (
				01D2297921197DBD00DF5C4D /* ImagesFromFlickr.xcdatamodel */,
			);
			currentVersion = 01D2297921197DBD00DF5C4D /* ImagesFromFlickr.xcdatamodel */;
			path = ImagesFromFlickr.xcdatamodeld;
			sourceTree = "<group>";
			versionGroupType = wrapper.xcdatamodel;
		};
/* End XCVersionGroup section */
	};
	rootObject = 01D2296621197DBD00DF5C4D /* Project object */;
}
